
Microsoft Visual Studio Solution File, Format Version 12.00
# Visual Studio 15
VisualStudioVersion = 15.0.28307.1062
MinimumVisualStudioVersion = 10.0.40219.1
Project("{FAE04EC0-301F-11D3-BF4B-00C04F79EFBC}") = "MovieTicketCounter", "MovieTicketCounter\MovieTicketCounter.csproj", "{24818CA4-DED8-4031-928A-6658D1E39134}"
EndProject
Project("{FAE04EC0-301F-11D3-BF4B-00C04F79EFBC}") = "TicketDataAccess", "TicketDataAccess\TicketDataAccess.csproj", "{A1730E35-BD15-47F1-AAD5-19725AD9F009}"
EndProject
Global
	GlobalSection(SolutionConfigurationPlatforms) = preSolution
		Debug|Any CPU = Debug|Any CPU
		Release|Any CPU = Release|Any CPU
	EndGlobalSection
	GlobalSection(ProjectConfigurationPlatforms) = postSolution
		{24818CA4-DED8-4031-928A-6658D1E39134}.Debug|Any CPU.ActiveCfg = Debug|Any CPU
		{24818CA4-DED8-4031-928A-6658D1E39134}.Debug|Any CPU.Build.0 = Debug|Any CPU
		{24818CA4-DED8-4031-928A-6658D1E39134}.Release|Any CPU.ActiveCfg = Release|Any CPU
		{24818CA4-DED8-4031-928A-6658D1E39134}.Release|Any CPU.Build.0 = Release|Any CPU
		{A1730E35-BD15-47F1-AAD5-19725AD9F009}.Debug|Any CPU.ActiveCfg = Debug|Any CPU
		{A1730E35-BD15-47F1-AAD5-19725AD9F009}.Debug|Any CPU.Build.0 = Debug|Any CPU
		{A1730E35-BD15-47F1-AAD5-19725AD9F009}.Release|Any CPU.ActiveCfg = Release|Any CPU
		{A1730E35-BD15-47F1-AAD5-19725AD9F009}.Release|Any CPU.Build.0 = Release|Any CPU
	EndGlobalSection
	GlobalSection(SolutionProperties) = preSolution
		HideSolutionNode = FALSE
	EndGlobalSection
	GlobalSection(ExtensibilityGlobals) = postSolution
		SolutionGuid = {4F0AD7F1-1924-42BD-B1F4-F91193167090}
	EndGlobalSection
EndGlobal
